// !$*UTF8*$!
{
	archiveVersion = 1;
	classes = {
	};
	objectVersion = 55;
	objects = {

/* Begin PBXBuildFile section */
		184754012A34923C00622D44 /* MIValidations.swift in Sources */ = {isa = PBXBuildFile; fileRef = 184754002A34923C00622D44 /* MIValidations.swift */; };
		184754032A34987D00622D44 /* LogInViewController.swift in Sources */ = {isa = PBXBuildFile; fileRef = 184754022A34987D00622D44 /* LogInViewController.swift */; };
		184754082A349B6F00622D44 /* ExtensionUIStoryBoard.swift in Sources */ = {isa = PBXBuildFile; fileRef = 184754052A349B6F00622D44 /* ExtensionUIStoryBoard.swift */; };
		184754092A349B6F00622D44 /* ExtensionUIView.swift in Sources */ = {isa = PBXBuildFile; fileRef = 184754062A349B6F00622D44 /* ExtensionUIView.swift */; };
		1847540A2A349B6F00622D44 /* ExtensionUITextField.swift in Sources */ = {isa = PBXBuildFile; fileRef = 184754072A349B6F00622D44 /* ExtensionUITextField.swift */; };
		1866ECEC2A3456440083B2C9 /* AppDelegate.swift in Sources */ = {isa = PBXBuildFile; fileRef = 1866ECEB2A3456440083B2C9 /* AppDelegate.swift */; };
		1866ECEE2A3456440083B2C9 /* SceneDelegate.swift in Sources */ = {isa = PBXBuildFile; fileRef = 1866ECED2A3456440083B2C9 /* SceneDelegate.swift */; };
		1866ECF02A3456440083B2C9 /* SignUpViewController.swift in Sources */ = {isa = PBXBuildFile; fileRef = 1866ECEF2A3456440083B2C9 /* SignUpViewController.swift */; };
		1866ECF32A3456440083B2C9 /* Main.storyboard in Resources */ = {isa = PBXBuildFile; fileRef = 1866ECF12A3456440083B2C9 /* Main.storyboard */; };
		1866ECF52A3456460083B2C9 /* Assets.xcassets in Resources */ = {isa = PBXBuildFile; fileRef = 1866ECF42A3456460083B2C9 /* Assets.xcassets */; };
		1866ECF82A3456460083B2C9 /* LaunchScreen.storyboard in Resources */ = {isa = PBXBuildFile; fileRef = 1866ECF62A3456460083B2C9 /* LaunchScreen.storyboard */; };
/* End PBXBuildFile section */

/* Begin PBXFileReference section */
		184754002A34923C00622D44 /* MIValidations.swift */ = {isa = PBXFileReference; fileEncoding = 4; lastKnownFileType = sourcecode.swift; path = MIValidations.swift; sourceTree = "<group>"; };
		184754022A34987D00622D44 /* LogInViewController.swift */ = {isa = PBXFileReference; lastKnownFileType = sourcecode.swift; path = LogInViewController.swift; sourceTree = "<group>"; };
		184754052A349B6F00622D44 /* ExtensionUIStoryBoard.swift */ = {isa = PBXFileReference; fileEncoding = 4; lastKnownFileType = sourcecode.swift; path = ExtensionUIStoryBoard.swift; sourceTree = "<group>"; };
		184754062A349B6F00622D44 /* ExtensionUIView.swift */ = {isa = PBXFileReference; fileEncoding = 4; lastKnownFileType = sourcecode.swift; path = ExtensionUIView.swift; sourceTree = "<group>"; };
		184754072A349B6F00622D44 /* ExtensionUITextField.swift */ = {isa = PBXFileReference; fileEncoding = 4; lastKnownFileType = sourcecode.swift; path = ExtensionUITextField.swift; sourceTree = "<group>"; };
		1866ECE82A3456440083B2C9 /* SignUpValidation.app */ = {isa = PBXFileReference; explicitFileType = wrapper.application; includeInIndex = 0; path = SignUpValidation.app; sourceTree = BUILT_PRODUCTS_DIR; };
		1866ECEB2A3456440083B2C9 /* AppDelegate.swift */ = {isa = PBXFileReference; lastKnownFileType = sourcecode.swift; path = AppDelegate.swift; sourceTree = "<group>"; };
		1866ECED2A3456440083B2C9 /* SceneDelegate.swift */ = {isa = PBXFileReference; lastKnownFileType = sourcecode.swift; path = SceneDelegate.swift; sourceTree = "<group>"; };
		1866ECEF2A3456440083B2C9 /* SignUpViewController.swift */ = {isa = PBXFileReference; lastKnownFileType = sourcecode.swift; path = SignUpViewController.swift; sourceTree = "<group>"; };
		1866ECF22A3456440083B2C9 /* Base */ = {isa = PBXFileReference; lastKnownFileType = file.storyboard; name = Base; path = Base.lproj/Main.storyboard; sourceTree = "<group>"; };
		1866ECF42A3456460083B2C9 /* Assets.xcassets */ = {isa = PBXFileReference; lastKnownFileType = folder.assetcatalog; path = Assets.xcassets; sourceTree = "<group>"; };
		1866ECF72A3456460083B2C9 /* Base */ = {isa = PBXFileReference; lastKnownFileType = file.storyboard; name = Base; path = Base.lproj/LaunchScreen.storyboard; sourceTree = "<group>"; };
		1866ECF92A3456460083B2C9 /* Info.plist */ = {isa = PBXFileReference; lastKnownFileType = text.plist.xml; path = Info.plist; sourceTree = "<group>"; };
/* End PBXFileReference section */

/* Begin PBXFrameworksBuildPhase section */
		1866ECE52A3456440083B2C9 /* Frameworks */ = {
			isa = PBXFrameworksBuildPhase;
			buildActionMask = 2147483647;
			files = (
			);
			runOnlyForDeploymentPostprocessing = 0;
		};
/* End PBXFrameworksBuildPhase section */

/* Begin PBXGroup section */
		184754042A349B6E00622D44 /* Extensions */ = {
			isa = PBXGroup;
			children = (
				184754052A349B6F00622D44 /* ExtensionUIStoryBoard.swift */,
				184754062A349B6F00622D44 /* ExtensionUIView.swift */,
				184754072A349B6F00622D44 /* ExtensionUITextField.swift */,
			);
			path = Extensions;
			sourceTree = "<group>";
		};
		1866ECDF2A3456440083B2C9 = {
			isa = PBXGroup;
			children = (
				1866ECEA2A3456440083B2C9 /* SignUpValidation */,
				1866ECE92A3456440083B2C9 /* Products */,
			);
			sourceTree = "<group>";
		};
		1866ECE92A3456440083B2C9 /* Products */ = {
			isa = PBXGroup;
			children = (
				1866ECE82A3456440083B2C9 /* SignUpValidation.app */,
			);
			name = Products;
			sourceTree = "<group>";
		};
		1866ECEA2A3456440083B2C9 /* SignUpValidation */ = {
			isa = PBXGroup;
			children = (
				184754042A349B6E00622D44 /* Extensions */,
				184754002A34923C00622D44 /* MIValidations.swift */,
				1866ECEB2A3456440083B2C9 /* AppDelegate.swift */,
				1866ECED2A3456440083B2C9 /* SceneDelegate.swift */,
				1866ECEF2A3456440083B2C9 /* SignUpViewController.swift */,
				1866ECF12A3456440083B2C9 /* Main.storyboard */,
				184754022A34987D00622D44 /* LogInViewController.swift */,
				1866ECF42A3456460083B2C9 /* Assets.xcassets */,
				1866ECF62A3456460083B2C9 /* LaunchScreen.storyboard */,
				1866ECF92A3456460083B2C9 /* Info.plist */,
			);
			path = SignUpValidation;
			sourceTree = "<group>";
		};
/* End PBXGroup section */

/* Begin PBXNativeTarget section */
		1866ECE72A3456440083B2C9 /* SignUpValidation */ = {
			isa = PBXNativeTarget;
			buildConfigurationList = 1866ECFC2A3456460083B2C9 /* Build configuration list for PBXNativeTarget "SignUpValidation" */;
			buildPhases = (
				1866ECE42A3456440083B2C9 /* Sources */,
				1866ECE52A3456440083B2C9 /* Frameworks */,
				1866ECE62A3456440083B2C9 /* Resources */,
			);
			buildRules = (
			);
			dependencies = (
			);
			name = SignUpValidation;
			productName = SignUpValidation;
			productReference = 1866ECE82A3456440083B2C9 /* SignUpValidation.app */;
			productType = "com.apple.product-type.application";
		};
/* End PBXNativeTarget section */

/* Begin PBXProject section */
		1866ECE02A3456440083B2C9 /* Project object */ = {
			isa = PBXProject;
			attributes = {
				BuildIndependentTargetsInParallel = 1;
				LastSwiftUpdateCheck = 1320;
				LastUpgradeCheck = 1320;
				TargetAttributes = {
					1866ECE72A3456440083B2C9 = {
						CreatedOnToolsVersion = 13.2.1;
					};
				};
			};
			buildConfigurationList = 1866ECE32A3456440083B2C9 /* Build configuration list for PBXProject "SignUpValidation" */;
			compatibilityVersion = "Xcode 13.0";
			developmentRegion = en;
			hasScannedForEncodings = 0;
			knownRegions = (
				en,
				Base,
			);
			mainGroup = 1866ECDF2A3456440083B2C9;
			productRefGroup = 1866ECE92A3456440083B2C9 /* Products */;
			projectDirPath = "";
			projectRoot = "";
			targets = (
				1866ECE72A3456440083B2C9 /* SignUpValidation */,
			);
		};
/* End PBXProject section */

/* Begin PBXResourcesBuildPhase section */
		1866ECE62A3456440083B2C9 /* Resources */ = {
			isa = PBXResourcesBuildPhase;
			buildActionMask = 2147483647;
			files = (
				1866ECF82A3456460083B2C9 /* LaunchScreen.storyboard in Resources */,
				1866ECF52A3456460083B2C9 /* Assets.xcassets in Resources */,
				1866ECF32A3456440083B2C9 /* Main.storyboard in Resources */,
			);
			runOnlyForDeploymentPostprocessing = 0;
		};
/* End PBXResourcesBuildPhase section */

/* Begin PBXSourcesBuildPhase section */
		1866ECE42A3456440083B2C9 /* Sources */ = {
			isa = PBXSourcesBuildPhase;
			buildActionMask = 2147483647;
			files = (
				1866ECF02A3456440083B2C9 /* SignUpViewController.swift in Sources */,
				1847540A2A349B6F00622D44 /* ExtensionUITextField.swift in Sources */,
				1866ECEC2A3456440083B2C9 /* AppDelegate.swift in Sources */,
				184754092A349B6F00622D44 /* ExtensionUIView.swift in Sources */,
				184754082A349B6F00622D44 /* ExtensionUIStoryBoard.swift in Sources */,
				184754012A34923C00622D44 /* MIValidations.swift in Sources */,
				184754032A34987D00622D44 /* LogInViewController.swift in Sources */,
				1866ECEE2A3456440083B2C9 /* SceneDelegate.swift in Sources */,
			);
			runOnlyForDeploymentPostprocessing = 0;
		};
/* End PBXSourcesBuildPhase section */

/* Begin PBXVariantGroup section */
		1866ECF12A3456440083B2C9 /* Main.storyboard */ = {
			isa = PBXVariantGroup;
			children = (
				1866ECF22A3456440083B2C9 /* Base */,
			);
			name = Main.storyboard;
			sourceTree = "<group>";
		};
		1866ECF62A3456460083B2C9 /* LaunchScreen.storyboard */ = {
			isa = PBXVariantGroup;
			children = (
				1866ECF72A3456460083B2C9 /* Base */,
			);
			name = LaunchScreen.storyboard;
			sourceTree = "<group>";
		};
/* End PBXVariantGroup section */

/* Begin XCBuildConfiguration section */
		1866ECFA2A3456460083B2C9 /* Debug */ = {
			isa = XCBuildConfiguration;
			buildSettings = {
				ALWAYS_SEARCH_USER_PATHS = NO;
				CLANG_ANALYZER_NONNULL = YES;
				CLANG_ANALYZER_NUMBER_OBJECT_CONVERSION = YES_AGGRESSIVE;
				CLANG_CXX_LANGUAGE_STANDARD = "gnu++17";
				CLANG_CXX_LIBRARY = "libc++";
				CLANG_ENABLE_MODULES = YES;
				CLANG_ENABLE_OBJC_ARC = YES;
				CLANG_ENABLE_OBJC_WEAK = YES;
				CLANG_WARN_BLOCK_CAPTURE_AUTORELEASING = YES;
				CLANG_WARN_BOOL_CONVERSION = YES;
				CLANG_WARN_COMMA = YES;
				CLANG_WARN_CONSTANT_CONVERSION = YES;
				CLANG_WARN_DEPRECATED_OBJC_IMPLEMENTATIONS = YES;
				CLANG_WARN_DIRECT_OBJC_ISA_USAGE = YES_ERROR;
				CLANG_WARN_DOCUMENTATION_COMMENTS = YES;
				CLANG_WARN_EMPTY_BODY = YES;
				CLANG_WARN_ENUM_CONVERSION = YES;
				CLANG_WARN_INFINITE_RECURSION = YES;
				CLANG_WARN_INT_CONVERSION = YES;
				CLANG_WARN_NON_LITERAL_NULL_CONVERSION = YES;
				CLANG_WARN_OBJC_IMPLICIT_RETAIN_SELF = YES;
				CLANG_WARN_OBJC_LITERAL_CONVERSION = YES;
				CLANG_WARN_OBJC_ROOT_CLASS = YES_ERROR;
				CLANG_WARN_QUOTED_INCLUDE_IN_FRAMEWORK_HEADER = YES;
				CLANG_WARN_RANGE_LOOP_ANALYSIS = YES;
				CLANG_WARN_STRICT_PROTOTYPES = YES;
				CLANG_WARN_SUSPICIOUS_MOVE = YES;
				CLANG_WARN_UNGUARDED_AVAILABILITY = YES_AGGRESSIVE;
				CLANG_WARN_UNREACHABLE_CODE = YES;
				CLANG_WARN__DUPLICATE_METHOD_MATCH = YES;
				COPY_PHASE_STRIP = NO;
				DEBUG_INFORMATION_FORMAT = dwarf;
				ENABLE_STRICT_OBJC_MSGSEND = YES;
				ENABLE_TESTABILITY = YES;
				GCC_C_LANGUAGE_STANDARD = gnu11;
				GCC_DYNAMIC_NO_PIC = NO;
				GCC_NO_COMMON_BLOCKS = YES;
				GCC_OPTIMIZATION_LEVEL = 0;
				GCC_PREPROCESSOR_DEFINITIONS = (
					"DEBUG=1",
					"$(inherited)",
				);
				GCC_WARN_64_TO_32_BIT_CONVERSION = YES;
				GCC_WARN_ABOUT_RETURN_TYPE = YES_ERROR;
				GCC_WARN_UNDECLARED_SELECTOR = YES;
				GCC_WARN_UNINITIALIZED_AUTOS = YES_AGGRESSIVE;
				GCC_WARN_UNUSED_FUNCTION = YES;
				GCC_WARN_UNUSED_VARIABLE = YES;
				IPHONEOS_DEPLOYMENT_TARGET = 15.2;
				MTL_ENABLE_DEBUG_INFO = INCLUDE_SOURCE;
				MTL_FAST_MATH = YES;
				ONLY_ACTIVE_ARCH = YES;
				SDKROOT = iphoneos;
				SWIFT_ACTIVE_COMPILATION_CONDITIONS = DEBUG;
				SWIFT_OPTIMIZATION_LEVEL = "-Onone";
			};
			name = Debug;
		};
		1866ECFB2A3456460083B2C9 /* Release */ = {
			isa = XCBuildConfiguration;
			buildSettings = {
				ALWAYS_SEARCH_USER_PATHS = NO;
				CLANG_ANALYZER_NONNULL = YES;
				CLANG_ANALYZER_NUMBER_OBJECT_CONVERSION = YES_AGGRESSIVE;
				CLANG_CXX_LANGUAGE_STANDARD = "gnu++17";
				CLANG_CXX_LIBRARY = "libc++";
				CLANG_ENABLE_MODULES = YES;
				CLANG_ENABLE_OBJC_ARC = YES;
				CLANG_ENABLE_OBJC_WEAK = YES;
				CLANG_WARN_BLOCK_CAPTURE_AUTORELEASING = YES;
				CLANG_WARN_BOOL_CONVERSION = YES;
				CLANG_WARN_COMMA = YES;
				CLANG_WARN_CONSTANT_CONVERSION = YES;
				CLANG_WARN_DEPRECATED_OBJC_IMPLEMENTATIONS = YES;
				CLANG_WARN_DIRECT_OBJC_ISA_USAGE = YES_ERROR;
				CLANG_WARN_DOCUMENTATION_COMMENTS = YES;
				CLANG_WARN_EMPTY_BODY = YES;
				CLANG_WARN_ENUM_CONVERSION = YES;
				CLANG_WARN_INFINITE_RECURSION = YES;
				CLANG_WARN_INT_CONVERSION = YES;
				CLANG_WARN_NON_LITERAL_NULL_CONVERSION = YES;
				CLANG_WARN_OBJC_IMPLICIT_RETAIN_SELF = YES;
				CLANG_WARN_OBJC_LITERAL_CONVERSION = YES;
				CLANG_WARN_OBJC_ROOT_CLASS = YES_ERROR;
				CLANG_WARN_QUOTED_INCLUDE_IN_FRAMEWORK_HEADER = YES;
				CLANG_WARN_RANGE_LOOP_ANALYSIS = YES;
				CLANG_WARN_STRICT_PROTOTYPES = YES;
				CLANG_WARN_SUSPICIOUS_MOVE = YES;
				CLANG_WARN_UNGUARDED_AVAILABILITY = YES_AGGRESSIVE;
				CLANG_WARN_UNREACHABLE_CODE = YES;
				CLANG_WARN__DUPLICATE_METHOD_MATCH = YES;
				COPY_PHASE_STRIP = NO;
				DEBUG_INFORMATION_FORMAT = "dwarf-with-dsym";
				ENABLE_NS_ASSERTIONS = NO;
				ENABLE_STRICT_OBJC_MSGSEND = YES;
				GCC_C_LANGUAGE_STANDARD = gnu11;
				GCC_NO_COMMON_BLOCKS = YES;
				GCC_WARN_64_TO_32_BIT_CONVERSION = YES;
				GCC_WARN_ABOUT_RETURN_TYPE = YES_ERROR;
				GCC_WARN_UNDECLARED_SELECTOR = YES;
				GCC_WARN_UNINITIALIZED_AUTOS = YES_AGGRESSIVE;
				GCC_WARN_UNUSED_FUNCTION = YES;
				GCC_WARN_UNUSED_VARIABLE = YES;
				IPHONEOS_DEPLOYMENT_TARGET = 15.2;
				MTL_ENABLE_DEBUG_INFO = NO;
				MTL_FAST_MATH = YES;
				SDKROOT = iphoneos;
				SWIFT_COMPILATION_MODE = wholemodule;
				SWIFT_OPTIMIZATION_LEVEL = "-O";
				VALIDATE_PRODUCT = YES;
			};
			name = Release;
		};
		1866ECFD2A3456460083B2C9 /* Debug */ = {
			isa = XCBuildConfiguration;
			buildSettings = {
				ASSETCATALOG_COMPILER_APPICON_NAME = AppIcon;
				ASSETCATALOG_COMPILER_GLOBAL_ACCENT_COLOR_NAME = AccentColor;
				CODE_SIGN_STYLE = Automatic;
				CURRENT_PROJECT_VERSION = 1;
				GENERATE_INFOPLIST_FILE = YES;
				INFOPLIST_FILE = SignUpValidation/Info.plist;
				INFOPLIST_KEY_UIApplicationSupportsIndirectInputEvents = YES;
				INFOPLIST_KEY_UILaunchStoryboardName = LaunchScreen;
				INFOPLIST_KEY_UIMainStoryboardFile = Main;
				INFOPLIST_KEY_UISupportedInterfaceOrientations_iPad = "UIInterfaceOrientationPortrait UIInterfaceOrientationPortraitUpsideDown UIInterfaceOrientationLandscapeLeft UIInterfaceOrientationLandscapeRight";
				INFOPLIST_KEY_UISupportedInterfaceOrientations_iPhone = "UIInterfaceOrientationPortrait UIInterfaceOrientationLandscapeLeft UIInterfaceOrientationLandscapeRight";
				LD_RUNPATH_SEARCH_PATHS = (
					"$(inherited)",
					"@executable_path/Frameworks",
				);
				MARKETING_VERSION = 1.0;
				PRODUCT_BUNDLE_IDENTIFIER = com.forloop.SignUpValidation;
				PRODUCT_NAME = "$(TARGET_NAME)";
				SWIFT_EMIT_LOC_STRINGS = YES;
				SWIFT_VERSION = 5.0;
				TARGETED_DEVICE_FAMILY = "1,2";
			};
			name = Debug;
		};
		1866ECFE2A3456460083B2C9 /* Release */ = {
			isa = XCBuildConfiguration;
			buildSettings = {
				ASSETCATALOG_COMPILER_APPICON_NAME = AppIcon;
				ASSETCATALOG_COMPILER_GLOBAL_ACCENT_COLOR_NAME = AccentColor;
				CODE_SIGN_STYLE = Automatic;
				CURRENT_PROJECT_VERSION = 1;
				GENERATE_INFOPLIST_FILE = YES;
				INFOPLIST_FILE = SignUpValidation/Info.plist;
				INFOPLIST_KEY_UIApplicationSupportsIndirectInputEvents = YES;
				INFOPLIST_KEY_UILaunchStoryboardName = LaunchScreen;
				INFOPLIST_KEY_UIMainStoryboardFile = Main;
				INFOPLIST_KEY_UISupportedInterfaceOrientations_iPad = "UIInterfaceOrientationPortrait UIInterfaceOrientationPortraitUpsideDown UIInterfaceOrientationLandscapeLeft UIInterfaceOrientationLandscapeRight";
				INFOPLIST_KEY_UISupportedInterfaceOrientations_iPhone = "UIInterfaceOrientationPortrait UIInterfaceOrientationLandscapeLeft UIInterfaceOrientationLandscapeRight";
				LD_RUNPATH_SEARCH_PATHS = (
					"$(inherited)",
					"@executable_path/Frameworks",
				);
				MARKETING_VERSION = 1.0;
				PRODUCT_BUNDLE_IDENTIFIER = com.forloop.SignUpValidation;
				PRODUCT_NAME = "$(TARGET_NAME)";
				SWIFT_EMIT_LOC_STRINGS = YES;
				SWIFT_VERSION = 5.0;
				TARGETED_DEVICE_FAMILY = "1,2";
			};
			name = Release;
		};
/* End XCBuildConfiguration section */

/* Begin XCConfigurationList section */
		1866ECE32A3456440083B2C9 /* Build configuration list for PBXProject "SignUpValidation" */ = {
			isa = XCConfigurationList;
			buildConfigurations = (
				1866ECFA2A3456460083B2C9 /* Debug */,
				1866ECFB2A3456460083B2C9 /* Release */,
			);
			defaultConfigurationIsVisible = 0;
			defaultConfigurationName = Release;
		};
		1866ECFC2A3456460083B2C9 /* Build configuration list for PBXNativeTarget "SignUpValidation" */ = {
			isa = XCConfigurationList;
			buildConfigurations = (
				1866ECFD2A3456460083B2C9 /* Debug */,
				1866ECFE2A3456460083B2C9 /* Release */,
			);
			defaultConfigurationIsVisible = 0;
			defaultConfigurationName = Release;
		};
/* End XCConfigurationList section */
	};
	rootObject = 1866ECE02A3456440083B2C9 /* Project object */;
}
